
Microsoft Visual Studio Solution File, Format Version 12.00
# Visual Studio Version 16
VisualStudioVersion = 16.0.29609.76
MinimumVisualStudioVersion = 10.0.40219.1
Project("{FAE04EC0-301F-11D3-BF4B-00C04F79EFBC}") = "THop.APInterface", "THop.APInterface\THop.APInterface.csproj", "{C2F630CF-6755-41D2-9B8A-69988CFD2A7D}"
EndProject
Project("{FAE04EC0-301F-11D3-BF4B-00C04F79EFBC}") = "THop.APInterface.Test", "THop.APInterface.Test\THop.APInterface.Test.csproj", "{976C2D6F-FFDF-4D49-A5E2-362933E646B3}"
EndProject
Global
	GlobalSection(SolutionConfigurationPlatforms) = preSolution
		Debug|Any CPU = Debug|Any CPU
		Release|Any CPU = Release|Any CPU
	EndGlobalSection
	GlobalSection(ProjectConfigurationPlatforms) = postSolution
		{C2F630CF-6755-41D2-9B8A-69988CFD2A7D}.Debug|Any CPU.ActiveCfg = Debug|Any CPU
		{C2F630CF-6755-41D2-9B8A-69988CFD2A7D}.Debug|Any CPU.Build.0 = Debug|Any CPU
		{C2F630CF-6755-41D2-9B8A-69988CFD2A7D}.Release|Any CPU.ActiveCfg = Release|Any CPU
		{C2F630CF-6755-41D2-9B8A-69988CFD2A7D}.Release|Any CPU.Build.0 = Release|Any CPU
		{976C2D6F-FFDF-4D49-A5E2-362933E646B3}.Debug|Any CPU.ActiveCfg = Debug|Any CPU
		{976C2D6F-FFDF-4D49-A5E2-362933E646B3}.Debug|Any CPU.Build.0 = Debug|Any CPU
		{976C2D6F-FFDF-4D49-A5E2-362933E646B3}.Release|Any CPU.ActiveCfg = Release|Any CPU
		{976C2D6F-FFDF-4D49-A5E2-362933E646B3}.Release|Any CPU.Build.0 = Release|Any CPU
	EndGlobalSection
	GlobalSection(SolutionProperties) = preSolution
		HideSolutionNode = FALSE
	EndGlobalSection
	GlobalSection(ExtensibilityGlobals) = postSolution
		SolutionGuid = {12181B6A-A20F-4D52-AA7C-AAA11049DDB6}
	EndGlobalSection
EndGlobal
